
Microsoft Visual Studio Solution File, Format Version 12.00
# Visual Studio Version 17
VisualStudioVersion = 17.9.34607.119
MinimumVisualStudioVersion = 10.0.40219.1
Project("{9A19103F-16F7-4668-BE54-9A1E7A4F7556}") = "Proyectos.Shared", "..\Proyectosdeinvcien\Proyectos.Shared\Proyectos.Shared.csproj", "{96581A62-F538-45C7-8918-36A8E7EF6497}"
EndProject
Project("{9A19103F-16F7-4668-BE54-9A1E7A4F7556}") = "Proyectos.API", "..\Proyectosdeinvcien\Proyectos.API\Proyectos.API.csproj", "{650C725D-0179-4772-BB9F-BFA12AC97913}"
EndProject
Project("{9A19103F-16F7-4668-BE54-9A1E7A4F7556}") = "Proyectos.web", "..\Proyectosdeinvcien\Proyectos.web\Proyectos.web.csproj", "{1A650C82-371C-4C4E-9EAB-0A0790B778DC}"
EndProject
Global
	GlobalSection(SolutionConfigurationPlatforms) = preSolution
		Debug|Any CPU = Debug|Any CPU
		Release|Any CPU = Release|Any CPU
	EndGlobalSection
	GlobalSection(ProjectConfigurationPlatforms) = postSolution
		{96581A62-F538-45C7-8918-36A8E7EF6497}.Debug|Any CPU.ActiveCfg = Debug|Any CPU
		{96581A62-F538-45C7-8918-36A8E7EF6497}.Debug|Any CPU.Build.0 = Debug|Any CPU
		{96581A62-F538-45C7-8918-36A8E7EF6497}.Release|Any CPU.ActiveCfg = Release|Any CPU
		{96581A62-F538-45C7-8918-36A8E7EF6497}.Release|Any CPU.Build.0 = Release|Any CPU
		{650C725D-0179-4772-BB9F-BFA12AC97913}.Debug|Any CPU.ActiveCfg = Debug|Any CPU
		{650C725D-0179-4772-BB9F-BFA12AC97913}.Debug|Any CPU.Build.0 = Debug|Any CPU
		{650C725D-0179-4772-BB9F-BFA12AC97913}.Release|Any CPU.ActiveCfg = Release|Any CPU
		{650C725D-0179-4772-BB9F-BFA12AC97913}.Release|Any CPU.Build.0 = Release|Any CPU
		{1A650C82-371C-4C4E-9EAB-0A0790B778DC}.Debug|Any CPU.ActiveCfg = Debug|Any CPU
		{1A650C82-371C-4C4E-9EAB-0A0790B778DC}.Debug|Any CPU.Build.0 = Debug|Any CPU
		{1A650C82-371C-4C4E-9EAB-0A0790B778DC}.Release|Any CPU.ActiveCfg = Release|Any CPU
		{1A650C82-371C-4C4E-9EAB-0A0790B778DC}.Release|Any CPU.Build.0 = Release|Any CPU
	EndGlobalSection
	GlobalSection(SolutionProperties) = preSolution
		HideSolutionNode = FALSE
	EndGlobalSection
	GlobalSection(ExtensibilityGlobals) = postSolution
		SolutionGuid = {9C6F7292-6414-4B89-828E-69A5574A071E}
	EndGlobalSection
EndGlobal
